
Microsoft Visual Studio Solution File, Format Version 12.00
# Visual Studio Version 17
VisualStudioVersion = 17.11.35312.102
MinimumVisualStudioVersion = 10.0.40219.1
Project("{FAE04EC0-301F-11D3-BF4B-00C04F79EFBC}") = "Store.Omda.APIs", "Store.Omda.APIs\Store.Omda.APIs.csproj", "{F2DF2294-02A1-454F-B130-64BACCAFD3AC}"
EndProject
Project("{FAE04EC0-301F-11D3-BF4B-00C04F79EFBC}") = "Store.Omda.Core", "Store.Omda.Core\Store.Omda.Core.csproj", "{85EDBD95-8663-488B-9F30-B9BE6618F3F8}"
EndProject
Project("{FAE04EC0-301F-11D3-BF4B-00C04F79EFBC}") = "Store.Omda.Repository", "Store.Omda.Repository\Store.Omda.Repository.csproj", "{B6970677-DDFA-491D-9C8B-5001EC72A58D}"
EndProject
Project("{FAE04EC0-301F-11D3-BF4B-00C04F79EFBC}") = "Store.Omda.Service", "Store.Omda.Service\Store.Omda.Service.csproj", "{4D0C4E57-898B-4059-A0A8-1F1947093D81}"
EndProject
Global
	GlobalSection(SolutionConfigurationPlatforms) = preSolution
		Debug|Any CPU = Debug|Any CPU
		Release|Any CPU = Release|Any CPU
	EndGlobalSection
	GlobalSection(ProjectConfigurationPlatforms) = postSolution
		{F2DF2294-02A1-454F-B130-64BACCAFD3AC}.Debug|Any CPU.ActiveCfg = Debug|Any CPU
		{F2DF2294-02A1-454F-B130-64BACCAFD3AC}.Debug|Any CPU.Build.0 = Debug|Any CPU
		{F2DF2294-02A1-454F-B130-64BACCAFD3AC}.Release|Any CPU.ActiveCfg = Release|Any CPU
		{F2DF2294-02A1-454F-B130-64BACCAFD3AC}.Release|Any CPU.Build.0 = Release|Any CPU
		{85EDBD95-8663-488B-9F30-B9BE6618F3F8}.Debug|Any CPU.ActiveCfg = Debug|Any CPU
		{85EDBD95-8663-488B-9F30-B9BE6618F3F8}.Debug|Any CPU.Build.0 = Debug|Any CPU
		{85EDBD95-8663-488B-9F30-B9BE6618F3F8}.Release|Any CPU.ActiveCfg = Release|Any CPU
		{85EDBD95-8663-488B-9F30-B9BE6618F3F8}.Release|Any CPU.Build.0 = Release|Any CPU
		{B6970677-DDFA-491D-9C8B-5001EC72A58D}.Debug|Any CPU.ActiveCfg = Debug|Any CPU
		{B6970677-DDFA-491D-9C8B-5001EC72A58D}.Debug|Any CPU.Build.0 = Debug|Any CPU
		{B6970677-DDFA-491D-9C8B-5001EC72A58D}.Release|Any CPU.ActiveCfg = Release|Any CPU
		{B6970677-DDFA-491D-9C8B-5001EC72A58D}.Release|Any CPU.Build.0 = Release|Any CPU
		{4D0C4E57-898B-4059-A0A8-1F1947093D81}.Debug|Any CPU.ActiveCfg = Debug|Any CPU
		{4D0C4E57-898B-4059-A0A8-1F1947093D81}.Debug|Any CPU.Build.0 = Debug|Any CPU
		{4D0C4E57-898B-4059-A0A8-1F1947093D81}.Release|Any CPU.ActiveCfg = Release|Any CPU
		{4D0C4E57-898B-4059-A0A8-1F1947093D81}.Release|Any CPU.Build.0 = Release|Any CPU
	EndGlobalSection
	GlobalSection(SolutionProperties) = preSolution
		HideSolutionNode = FALSE
	EndGlobalSection
	GlobalSection(ExtensibilityGlobals) = postSolution
		SolutionGuid = {B58771DE-FA60-4965-98F4-EBD4E3303F55}
	EndGlobalSection
EndGlobal
